
Microsoft Visual Studio Solution File, Format Version 12.00
# Visual Studio Version 17
VisualStudioVersion = 17.12.35707.178 d17.12
MinimumVisualStudioVersion = 10.0.40219.1
Project("{FAE04EC0-301F-11D3-BF4B-00C04F79EFBC}") = "CustomClasses", "CustomClasses\CustomClasses.csproj", "{ACE4973D-37DF-423A-A471-F62FEFA2275D}"
EndProject
Global
	GlobalSection(SolutionConfigurationPlatforms) = preSolution
		Debug|Any CPU = Debug|Any CPU
		Release|Any CPU = Release|Any CPU
	EndGlobalSection
	GlobalSection(ProjectConfigurationPlatforms) = postSolution
		{ACE4973D-37DF-423A-A471-F62FEFA2275D}.Debug|Any CPU.ActiveCfg = Debug|Any CPU
		{ACE4973D-37DF-423A-A471-F62FEFA2275D}.Debug|Any CPU.Build.0 = Debug|Any CPU
		{ACE4973D-37DF-423A-A471-F62FEFA2275D}.Release|Any CPU.ActiveCfg = Release|Any CPU
		{ACE4973D-37DF-423A-A471-F62FEFA2275D}.Release|Any CPU.Build.0 = Release|Any CPU
	EndGlobalSection
	GlobalSection(SolutionProperties) = preSolution
		HideSolutionNode = FALSE
	EndGlobalSection
EndGlobal
